// !$*UTF8*$!
{
	archiveVersion = 1;
	classes = {
	};
	objectVersion = 56;
	objects = {

/* Begin PBXBuildFile section */
		BCA91EE92B7ADC9400EE69E1 /* PinchApp.swift in Sources */ = {isa = PBXBuildFile; fileRef = BCA91EE82B7ADC9400EE69E1 /* PinchApp.swift */; };
		BCA91EEB2B7ADC9400EE69E1 /* ContentView.swift in Sources */ = {isa = PBXBuildFile; fileRef = BCA91EEA2B7ADC9400EE69E1 /* ContentView.swift */; };
		BCA91EED2B7ADC9500EE69E1 /* Assets.xcassets in Resources */ = {isa = PBXBuildFile; fileRef = BCA91EEC2B7ADC9500EE69E1 /* Assets.xcassets */; };
		BCA91EF02B7ADC9500EE69E1 /* Preview Assets.xcassets in Resources */ = {isa = PBXBuildFile; fileRef = BCA91EEF2B7ADC9500EE69E1 /* Preview Assets.xcassets */; };
		BCA91EFC2B7BEFC400EE69E1 /* infoPanelView.swift in Sources */ = {isa = PBXBuildFile; fileRef = BCA91EFB2B7BEFC400EE69E1 /* infoPanelView.swift */; };
		BCA91EFE2B827F6300EE69E1 /* ControlImageView.swift in Sources */ = {isa = PBXBuildFile; fileRef = BCA91EFD2B827F6300EE69E1 /* ControlImageView.swift */; };
		BCA91F002B83C7BB00EE69E1 /* PageModel.swift in Sources */ = {isa = PBXBuildFile; fileRef = BCA91EFF2B83C7BB00EE69E1 /* PageModel.swift */; };
		BCA91F022B83C82700EE69E1 /* PageData.swift in Sources */ = {isa = PBXBuildFile; fileRef = BCA91F012B83C82700EE69E1 /* PageData.swift */; };
/* End PBXBuildFile section */

/* Begin PBXFileReference section */
		BCA91EE52B7ADC9400EE69E1 /* Pinch.app */ = {isa = PBXFileReference; explicitFileType = wrapper.application; includeInIndex = 0; path = Pinch.app; sourceTree = BUILT_PRODUCTS_DIR; };
		BCA91EE82B7ADC9400EE69E1 /* PinchApp.swift */ = {isa = PBXFileReference; lastKnownFileType = sourcecode.swift; path = PinchApp.swift; sourceTree = "<group>"; };
		BCA91EEA2B7ADC9400EE69E1 /* ContentView.swift */ = {isa = PBXFileReference; lastKnownFileType = sourcecode.swift; path = ContentView.swift; sourceTree = "<group>"; };
		BCA91EEC2B7ADC9500EE69E1 /* Assets.xcassets */ = {isa = PBXFileReference; lastKnownFileType = folder.assetcatalog; path = Assets.xcassets; sourceTree = "<group>"; };
		BCA91EEF2B7ADC9500EE69E1 /* Preview Assets.xcassets */ = {isa = PBXFileReference; lastKnownFileType = folder.assetcatalog; path = "Preview Assets.xcassets"; sourceTree = "<group>"; };
		BCA91EFB2B7BEFC400EE69E1 /* infoPanelView.swift */ = {isa = PBXFileReference; lastKnownFileType = sourcecode.swift; path = infoPanelView.swift; sourceTree = "<group>"; };
		BCA91EFD2B827F6300EE69E1 /* ControlImageView.swift */ = {isa = PBXFileReference; lastKnownFileType = sourcecode.swift; path = ControlImageView.swift; sourceTree = "<group>"; };
		BCA91EFF2B83C7BB00EE69E1 /* PageModel.swift */ = {isa = PBXFileReference; lastKnownFileType = sourcecode.swift; path = PageModel.swift; sourceTree = "<group>"; };
		BCA91F012B83C82700EE69E1 /* PageData.swift */ = {isa = PBXFileReference; lastKnownFileType = sourcecode.swift; path = PageData.swift; sourceTree = "<group>"; };
/* End PBXFileReference section */

/* Begin PBXFrameworksBuildPhase section */
		BCA91EE22B7ADC9400EE69E1 /* Frameworks */ = {
			isa = PBXFrameworksBuildPhase;
			buildActionMask = 2147483647;
			files = (
			);
			runOnlyForDeploymentPostprocessing = 0;
		};
/* End PBXFrameworksBuildPhase section */

/* Begin PBXGroup section */
		BCA91EDC2B7ADC9400EE69E1 = {
			isa = PBXGroup;
			children = (
				BCA91EE72B7ADC9400EE69E1 /* Pinch */,
				BCA91EE62B7ADC9400EE69E1 /* Products */,
			);
			sourceTree = "<group>";
		};
		BCA91EE62B7ADC9400EE69E1 /* Products */ = {
			isa = PBXGroup;
			children = (
				BCA91EE52B7ADC9400EE69E1 /* Pinch.app */,
			);
			name = Products;
			sourceTree = "<group>";
		};
		BCA91EE72B7ADC9400EE69E1 /* Pinch */ = {
			isa = PBXGroup;
			children = (
				BCA91EFA2B7ADECC00EE69E1 /* Data */,
				BCA91EF92B7ADEC400EE69E1 /* Model */,
				BCA91EF82B7ADEB500EE69E1 /* View */,
				BCA91EE82B7ADC9400EE69E1 /* PinchApp.swift */,
				BCA91EF72B7ADEA800EE69E1 /* Screen */,
				BCA91EEC2B7ADC9500EE69E1 /* Assets.xcassets */,
				BCA91EEE2B7ADC9500EE69E1 /* Preview Content */,
			);
			path = Pinch;
			sourceTree = "<group>";
		};
		BCA91EEE2B7ADC9500EE69E1 /* Preview Content */ = {
			isa = PBXGroup;
			children = (
				BCA91EEF2B7ADC9500EE69E1 /* Preview Assets.xcassets */,
			);
			path = "Preview Content";
			sourceTree = "<group>";
		};
		BCA91EF72B7ADEA800EE69E1 /* Screen */ = {
			isa = PBXGroup;
			children = (
				BCA91EEA2B7ADC9400EE69E1 /* ContentView.swift */,
			);
			path = Screen;
			sourceTree = "<group>";
		};
		BCA91EF82B7ADEB500EE69E1 /* View */ = {
			isa = PBXGroup;
			children = (
				BCA91EFB2B7BEFC400EE69E1 /* infoPanelView.swift */,
				BCA91EFD2B827F6300EE69E1 /* ControlImageView.swift */,
			);
			path = View;
			sourceTree = "<group>";
		};
		BCA91EF92B7ADEC400EE69E1 /* Model */ = {
			isa = PBXGroup;
			children = (
				BCA91EFF2B83C7BB00EE69E1 /* PageModel.swift */,
			);
			path = Model;
			sourceTree = "<group>";
		};
		BCA91EFA2B7ADECC00EE69E1 /* Data */ = {
			isa = PBXGroup;
			children = (
				BCA91F012B83C82700EE69E1 /* PageData.swift */,
			);
			path = Data;
			sourceTree = "<group>";
		};
/* End PBXGroup section */

/* Begin PBXNativeTarget section */
		BCA91EE42B7ADC9400EE69E1 /* Pinch */ = {
			isa = PBXNativeTarget;
			buildConfigurationList = BCA91EF32B7ADC9500EE69E1 /* Build configuration list for PBXNativeTarget "Pinch" */;
			buildPhases = (
				BCA91EE12B7ADC9400EE69E1 /* Sources */,
				BCA91EE22B7ADC9400EE69E1 /* Frameworks */,
				BCA91EE32B7ADC9400EE69E1 /* Resources */,
			);
			buildRules = (
			);
			dependencies = (
			);
			name = Pinch;
			productName = Pinch;
			productReference = BCA91EE52B7ADC9400EE69E1 /* Pinch.app */;
			productType = "com.apple.product-type.application";
		};
/* End PBXNativeTarget section */

/* Begin PBXProject section */
		BCA91EDD2B7ADC9400EE69E1 /* Project object */ = {
			isa = PBXProject;
			attributes = {
				BuildIndependentTargetsInParallel = 1;
				LastSwiftUpdateCheck = 1510;
				LastUpgradeCheck = 1510;
				TargetAttributes = {
					BCA91EE42B7ADC9400EE69E1 = {
						CreatedOnToolsVersion = 15.1;
					};
				};
			};
			buildConfigurationList = BCA91EE02B7ADC9400EE69E1 /* Build configuration list for PBXProject "Pinch" */;
			compatibilityVersion = "Xcode 14.0";
			developmentRegion = en;
			hasScannedForEncodings = 0;
			knownRegions = (
				en,
				Base,
			);
			mainGroup = BCA91EDC2B7ADC9400EE69E1;
			productRefGroup = BCA91EE62B7ADC9400EE69E1 /* Products */;
			projectDirPath = "";
			projectRoot = "";
			targets = (
				BCA91EE42B7ADC9400EE69E1 /* Pinch */,
			);
		};
/* End PBXProject section */

/* Begin PBXResourcesBuildPhase section */
		BCA91EE32B7ADC9400EE69E1 /* Resources */ = {
			isa = PBXResourcesBuildPhase;
			buildActionMask = 2147483647;
			files = (
				BCA91EF02B7ADC9500EE69E1 /* Preview Assets.xcassets in Resources */,
				BCA91EED2B7ADC9500EE69E1 /* Assets.xcassets in Resources */,
			);
			runOnlyForDeploymentPostprocessing = 0;
		};
/* End PBXResourcesBuildPhase section */

/* Begin PBXSourcesBuildPhase section */
		BCA91EE12B7ADC9400EE69E1 /* Sources */ = {
			isa = PBXSourcesBuildPhase;
			buildActionMask = 2147483647;
			files = (
				BCA91EEB2B7ADC9400EE69E1 /* ContentView.swift in Sources */,
				BCA91F002B83C7BB00EE69E1 /* PageModel.swift in Sources */,
				BCA91EFE2B827F6300EE69E1 /* ControlImageView.swift in Sources */,
				BCA91EFC2B7BEFC400EE69E1 /* infoPanelView.swift in Sources */,
				BCA91F022B83C82700EE69E1 /* PageData.swift in Sources */,
				BCA91EE92B7ADC9400EE69E1 /* PinchApp.swift in Sources */,
			);
			runOnlyForDeploymentPostprocessing = 0;
		};
/* End PBXSourcesBuildPhase section */

/* Begin XCBuildConfiguration section */
		BCA91EF12B7ADC9500EE69E1 /* Debug */ = {
			isa = XCBuildConfiguration;
			buildSettings = {
				ALWAYS_SEARCH_USER_PATHS = NO;
				ASSETCATALOG_COMPILER_GENERATE_SWIFT_ASSET_SYMBOL_EXTENSIONS = YES;
				CLANG_ANALYZER_NONNULL = YES;
				CLANG_ANALYZER_NUMBER_OBJECT_CONVERSION = YES_AGGRESSIVE;
				CLANG_CXX_LANGUAGE_STANDARD = "gnu++20";
				CLANG_ENABLE_MODULES = YES;
				CLANG_ENABLE_OBJC_ARC = YES;
				CLANG_ENABLE_OBJC_WEAK = YES;
				CLANG_WARN_BLOCK_CAPTURE_AUTORELEASING = YES;
				CLANG_WARN_BOOL_CONVERSION = YES;
				CLANG_WARN_COMMA = YES;
				CLANG_WARN_CONSTANT_CONVERSION = YES;
				CLANG_WARN_DEPRECATED_OBJC_IMPLEMENTATIONS = YES;
				CLANG_WARN_DIRECT_OBJC_ISA_USAGE = YES_ERROR;
				CLANG_WARN_DOCUMENTATION_COMMENTS = YES;
				CLANG_WARN_EMPTY_BODY = YES;
				CLANG_WARN_ENUM_CONVERSION = YES;
				CLANG_WARN_INFINITE_RECURSION = YES;
				CLANG_WARN_INT_CONVERSION = YES;
				CLANG_WARN_NON_LITERAL_NULL_CONVERSION = YES;
				CLANG_WARN_OBJC_IMPLICIT_RETAIN_SELF = YES;
				CLANG_WARN_OBJC_LITERAL_CONVERSION = YES;
				CLANG_WARN_OBJC_ROOT_CLASS = YES_ERROR;
				CLANG_WARN_QUOTED_INCLUDE_IN_FRAMEWORK_HEADER = YES;
				CLANG_WARN_RANGE_LOOP_ANALYSIS = YES;
				CLANG_WARN_STRICT_PROTOTYPES = YES;
				CLANG_WARN_SUSPICIOUS_MOVE = YES;
				CLANG_WARN_UNGUARDED_AVAILABILITY = YES_AGGRESSIVE;
				CLANG_WARN_UNREACHABLE_CODE = YES;
				CLANG_WARN__DUPLICATE_METHOD_MATCH = YES;
				COPY_PHASE_STRIP = NO;
				DEBUG_INFORMATION_FORMAT = dwarf;
				ENABLE_STRICT_OBJC_MSGSEND = YES;
				ENABLE_TESTABILITY = YES;
				ENABLE_USER_SCRIPT_SANDBOXING = YES;
				GCC_C_LANGUAGE_STANDARD = gnu17;
				GCC_DYNAMIC_NO_PIC = NO;
				GCC_NO_COMMON_BLOCKS = YES;
				GCC_OPTIMIZATION_LEVEL = 0;
				GCC_PREPROCESSOR_DEFINITIONS = (
					"DEBUG=1",
					"$(inherited)",
				);
				GCC_WARN_64_TO_32_BIT_CONVERSION = YES;
				GCC_WARN_ABOUT_RETURN_TYPE = YES_ERROR;
				GCC_WARN_UNDECLARED_SELECTOR = YES;
				GCC_WARN_UNINITIALIZED_AUTOS = YES_AGGRESSIVE;
				GCC_WARN_UNUSED_FUNCTION = YES;
				GCC_WARN_UNUSED_VARIABLE = YES;
				IPHONEOS_DEPLOYMENT_TARGET = 17.2;
				LOCALIZATION_PREFERS_STRING_CATALOGS = YES;
				MTL_ENABLE_DEBUG_INFO = INCLUDE_SOURCE;
				MTL_FAST_MATH = YES;
				ONLY_ACTIVE_ARCH = YES;
				SDKROOT = iphoneos;
				SWIFT_ACTIVE_COMPILATION_CONDITIONS = "DEBUG $(inherited)";
				SWIFT_OPTIMIZATION_LEVEL = "-Onone";
			};
			name = Debug;
		};
		BCA91EF22B7ADC9500EE69E1 /* Release */ = {
			isa = XCBuildConfiguration;
			buildSettings = {
				ALWAYS_SEARCH_USER_PATHS = NO;
				ASSETCATALOG_COMPILER_GENERATE_SWIFT_ASSET_SYMBOL_EXTENSIONS = YES;
				CLANG_ANALYZER_NONNULL = YES;
				CLANG_ANALYZER_NUMBER_OBJECT_CONVERSION = YES_AGGRESSIVE;
				CLANG_CXX_LANGUAGE_STANDARD = "gnu++20";
				CLANG_ENABLE_MODULES = YES;
				CLANG_ENABLE_OBJC_ARC = YES;
				CLANG_ENABLE_OBJC_WEAK = YES;
				CLANG_WARN_BLOCK_CAPTURE_AUTORELEASING = YES;
				CLANG_WARN_BOOL_CONVERSION = YES;
				CLANG_WARN_COMMA = YES;
				CLANG_WARN_CONSTANT_CONVERSION = YES;
				CLANG_WARN_DEPRECATED_OBJC_IMPLEMENTATIONS = YES;
				CLANG_WARN_DIRECT_OBJC_ISA_USAGE = YES_ERROR;
				CLANG_WARN_DOCUMENTATION_COMMENTS = YES;
				CLANG_WARN_EMPTY_BODY = YES;
				CLANG_WARN_ENUM_CONVERSION = YES;
				CLANG_WARN_INFINITE_RECURSION = YES;
				CLANG_WARN_INT_CONVERSION = YES;
				CLANG_WARN_NON_LITERAL_NULL_CONVERSION = YES;
				CLANG_WARN_OBJC_IMPLICIT_RETAIN_SELF = YES;
				CLANG_WARN_OBJC_LITERAL_CONVERSION = YES;
				CLANG_WARN_OBJC_ROOT_CLASS = YES_ERROR;
				CLANG_WARN_QUOTED_INCLUDE_IN_FRAMEWORK_HEADER = YES;
				CLANG_WARN_RANGE_LOOP_ANALYSIS = YES;
				CLANG_WARN_STRICT_PROTOTYPES = YES;
				CLANG_WARN_SUSPICIOUS_MOVE = YES;
				CLANG_WARN_UNGUARDED_AVAILABILITY = YES_AGGRESSIVE;
				CLANG_WARN_UNREACHABLE_CODE = YES;
				CLANG_WARN__DUPLICATE_METHOD_MATCH = YES;
				COPY_PHASE_STRIP = NO;
				DEBUG_INFORMATION_FORMAT = "dwarf-with-dsym";
				ENABLE_NS_ASSERTIONS = NO;
				ENABLE_STRICT_OBJC_MSGSEND = YES;
				ENABLE_USER_SCRIPT_SANDBOXING = YES;
				GCC_C_LANGUAGE_STANDARD = gnu17;
				GCC_NO_COMMON_BLOCKS = YES;
				GCC_WARN_64_TO_32_BIT_CONVERSION = YES;
				GCC_WARN_ABOUT_RETURN_TYPE = YES_ERROR;
				GCC_WARN_UNDECLARED_SELECTOR = YES;
				GCC_WARN_UNINITIALIZED_AUTOS = YES_AGGRESSIVE;
				GCC_WARN_UNUSED_FUNCTION = YES;
				GCC_WARN_UNUSED_VARIABLE = YES;
				IPHONEOS_DEPLOYMENT_TARGET = 17.2;
				LOCALIZATION_PREFERS_STRING_CATALOGS = YES;
				MTL_ENABLE_DEBUG_INFO = NO;
				MTL_FAST_MATH = YES;
				SDKROOT = iphoneos;
				SWIFT_COMPILATION_MODE = wholemodule;
				VALIDATE_PRODUCT = YES;
			};
			name = Release;
		};
		BCA91EF42B7ADC9500EE69E1 /* Debug */ = {
			isa = XCBuildConfiguration;
			buildSettings = {
				ASSETCATALOG_COMPILER_APPICON_NAME = AppIcon;
				ASSETCATALOG_COMPILER_GLOBAL_ACCENT_COLOR_NAME = AccentColor;
				CODE_SIGN_STYLE = Automatic;
				CURRENT_PROJECT_VERSION = 1;
				DEVELOPMENT_ASSET_PATHS = "\"Pinch/Preview Content\"";
				DEVELOPMENT_TEAM = 5ZFAZB7PYH;
				ENABLE_PREVIEWS = YES;
				GENERATE_INFOPLIST_FILE = YES;
				INFOPLIST_KEY_UIApplicationSceneManifest_Generation = YES;
				INFOPLIST_KEY_UIApplicationSupportsIndirectInputEvents = YES;
				INFOPLIST_KEY_UILaunchScreen_Generation = YES;
				INFOPLIST_KEY_UISupportedInterfaceOrientations_iPad = "UIInterfaceOrientationPortrait UIInterfaceOrientationPortraitUpsideDown UIInterfaceOrientationLandscapeLeft UIInterfaceOrientationLandscapeRight";
				INFOPLIST_KEY_UISupportedInterfaceOrientations_iPhone = UIInterfaceOrientationPortrait;
				LD_RUNPATH_SEARCH_PATHS = (
					"$(inherited)",
					"@executable_path/Frameworks",
				);
				MARKETING_VERSION = 1.0;
				PRODUCT_BUNDLE_IDENTIFIER = com.fanshawe.Pinch;
				PRODUCT_NAME = "$(TARGET_NAME)";
				SWIFT_EMIT_LOC_STRINGS = YES;
				SWIFT_VERSION = 5.0;
				TARGETED_DEVICE_FAMILY = "1,2";
			};
			name = Debug;
		};
		BCA91EF52B7ADC9500EE69E1 /* Release */ = {
			isa = XCBuildConfiguration;
			buildSettings = {
				ASSETCATALOG_COMPILER_APPICON_NAME = AppIcon;
				ASSETCATALOG_COMPILER_GLOBAL_ACCENT_COLOR_NAME = AccentColor;
				CODE_SIGN_STYLE = Automatic;
				CURRENT_PROJECT_VERSION = 1;
				DEVELOPMENT_ASSET_PATHS = "\"Pinch/Preview Content\"";
				DEVELOPMENT_TEAM = 5ZFAZB7PYH;
				ENABLE_PREVIEWS = YES;
				GENERATE_INFOPLIST_FILE = YES;
				INFOPLIST_KEY_UIApplicationSceneManifest_Generation = YES;
				INFOPLIST_KEY_UIApplicationSupportsIndirectInputEvents = YES;
				INFOPLIST_KEY_UILaunchScreen_Generation = YES;
				INFOPLIST_KEY_UISupportedInterfaceOrientations_iPad = "UIInterfaceOrientationPortrait UIInterfaceOrientationPortraitUpsideDown UIInterfaceOrientationLandscapeLeft UIInterfaceOrientationLandscapeRight";
				INFOPLIST_KEY_UISupportedInterfaceOrientations_iPhone = UIInterfaceOrientationPortrait;
				LD_RUNPATH_SEARCH_PATHS = (
					"$(inherited)",
					"@executable_path/Frameworks",
				);
				MARKETING_VERSION = 1.0;
				PRODUCT_BUNDLE_IDENTIFIER = com.fanshawe.Pinch;
				PRODUCT_NAME = "$(TARGET_NAME)";
				SWIFT_EMIT_LOC_STRINGS = YES;
				SWIFT_VERSION = 5.0;
				TARGETED_DEVICE_FAMILY = "1,2";
			};
			name = Release;
		};
/* End XCBuildConfiguration section */

/* Begin XCConfigurationList section */
		BCA91EE02B7ADC9400EE69E1 /* Build configuration list for PBXProject "Pinch" */ = {
			isa = XCConfigurationList;
			buildConfigurations = (
				BCA91EF12B7ADC9500EE69E1 /* Debug */,
				BCA91EF22B7ADC9500EE69E1 /* Release */,
			);
			defaultConfigurationIsVisible = 0;
			defaultConfigurationName = Release;
		};
		BCA91EF32B7ADC9500EE69E1 /* Build configuration list for PBXNativeTarget "Pinch" */ = {
			isa = XCConfigurationList;
			buildConfigurations = (
				BCA91EF42B7ADC9500EE69E1 /* Debug */,
				BCA91EF52B7ADC9500EE69E1 /* Release */,
			);
			defaultConfigurationIsVisible = 0;
			defaultConfigurationName = Release;
		};
/* End XCConfigurationList section */
	};
	rootObject = BCA91EDD2B7ADC9400EE69E1 /* Project object */;
}
